// !$*UTF8*$!
{
	archiveVersion = 1;
	classes = {
	};
	objectVersion = 50;
	objects = {

/* Begin PBXBuildFile section */
		148AA08720C830E7000AD428 /* AppDelegate.swift in Sources */ = {isa = PBXBuildFile; fileRef = 148AA08620C830E7000AD428 /* AppDelegate.swift */; };
		148AA08920C830E7000AD428 /* ViewController.swift in Sources */ = {isa = PBXBuildFile; fileRef = 148AA08820C830E7000AD428 /* ViewController.swift */; };
		148AA08C20C830E7000AD428 /* Main.storyboard in Resources */ = {isa = PBXBuildFile; fileRef = 148AA08A20C830E7000AD428 /* Main.storyboard */; };
		148AA08E20C830E9000AD428 /* Assets.xcassets in Resources */ = {isa = PBXBuildFile; fileRef = 148AA08D20C830E9000AD428 /* Assets.xcassets */; };
		148AA09120C830E9000AD428 /* LaunchScreen.storyboard in Resources */ = {isa = PBXBuildFile; fileRef = 148AA08F20C830E9000AD428 /* LaunchScreen.storyboard */; };
		148AA0A120C83164000AD428 /* TLSphinx.framework in Frameworks */ = {isa = PBXBuildFile; fileRef = 148AA09E20C83143000AD428 /* TLSphinx.framework */; };
		148AA0A220C83164000AD428 /* TLSphinx.framework in Embed Frameworks */ = {isa = PBXBuildFile; fileRef = 148AA09E20C83143000AD428 /* TLSphinx.framework */; settings = {ATTRIBUTES = (CodeSignOnCopy, RemoveHeadersOnCopy, ); }; };
		148AA0A820C83257000AD428 /* en-us in Resources */ = {isa = PBXBuildFile; fileRef = 148AA0A720C83257000AD428 /* en-us */; };
/* End PBXBuildFile section */

/* Begin PBXContainerItemProxy section */
		148AA09D20C83143000AD428 /* PBXContainerItemProxy */ = {
			isa = PBXContainerItemProxy;
			containerPortal = 148AA09820C83143000AD428 /* TLSphinx.xcodeproj */;
			proxyType = 2;
			remoteGlobalIDString = 9B5187AF1B18E1E80000E78D;
			remoteInfo = TLSphinx;
		};
		148AA09F20C83143000AD428 /* PBXContainerItemProxy */ = {
			isa = PBXContainerItemProxy;
			containerPortal = 148AA09820C83143000AD428 /* TLSphinx.xcodeproj */;
			proxyType = 2;
			remoteGlobalIDString = 9B5187BA1B18E1E80000E78D;
			remoteInfo = TLSphinxTests;
		};
		148AA0A320C83164000AD428 /* PBXContainerItemProxy */ = {
			isa = PBXContainerItemProxy;
			containerPortal = 148AA09820C83143000AD428 /* TLSphinx.xcodeproj */;
			proxyType = 1;
			remoteGlobalIDString = 9B5187AE1B18E1E80000E78D;
			remoteInfo = TLSphinx;
		};
/* End PBXContainerItemProxy section */

/* Begin PBXCopyFilesBuildPhase section */
		148AA0A520C83164000AD428 /* Embed Frameworks */ = {
			isa = PBXCopyFilesBuildPhase;
			buildActionMask = 2147483647;
			dstPath = "";
			dstSubfolderSpec = 10;
			files = (
				148AA0A220C83164000AD428 /* TLSphinx.framework in Embed Frameworks */,
			);
			name = "Embed Frameworks";
			runOnlyForDeploymentPostprocessing = 0;
		};
/* End PBXCopyFilesBuildPhase section */

/* Begin PBXFileReference section */
		148AA08320C830E7000AD428 /* TestSpeech.app */ = {isa = PBXFileReference; explicitFileType = wrapper.application; includeInIndex = 0; path = TestSpeech.app; sourceTree = BUILT_PRODUCTS_DIR; };
		148AA08620C830E7000AD428 /* AppDelegate.swift */ = {isa = PBXFileReference; lastKnownFileType = sourcecode.swift; path = AppDelegate.swift; sourceTree = "<group>"; };
		148AA08820C830E7000AD428 /* ViewController.swift */ = {isa = PBXFileReference; lastKnownFileType = sourcecode.swift; path = ViewController.swift; sourceTree = "<group>"; };
		148AA08B20C830E7000AD428 /* Base */ = {isa = PBXFileReference; lastKnownFileType = file.storyboard; name = Base; path = Base.lproj/Main.storyboard; sourceTree = "<group>"; };
		148AA08D20C830E9000AD428 /* Assets.xcassets */ = {isa = PBXFileReference; lastKnownFileType = folder.assetcatalog; path = Assets.xcassets; sourceTree = "<group>"; };
		148AA09020C830E9000AD428 /* Base */ = {isa = PBXFileReference; lastKnownFileType = file.storyboard; name = Base; path = Base.lproj/LaunchScreen.storyboard; sourceTree = "<group>"; };
		148AA09220C830E9000AD428 /* Info.plist */ = {isa = PBXFileReference; lastKnownFileType = text.plist.xml; path = Info.plist; sourceTree = "<group>"; };
		148AA09820C83143000AD428 /* TLSphinx.xcodeproj */ = {isa = PBXFileReference; lastKnownFileType = "wrapper.pb-project"; name = TLSphinx.xcodeproj; path = ../../TLSphinx.xcodeproj; sourceTree = "<group>"; };
		148AA0A720C83257000AD428 /* en-us */ = {isa = PBXFileReference; lastKnownFileType = folder; path = "en-us"; sourceTree = "<group>"; };
/* End PBXFileReference section */

/* Begin PBXFrameworksBuildPhase section */
		148AA08020C830E7000AD428 /* Frameworks */ = {
			isa = PBXFrameworksBuildPhase;
			buildActionMask = 2147483647;
			files = (
				148AA0A120C83164000AD428 /* TLSphinx.framework in Frameworks */,
			);
			runOnlyForDeploymentPostprocessing = 0;
		};
/* End PBXFrameworksBuildPhase section */

/* Begin PBXGroup section */
		148AA07A20C830E7000AD428 = {
			isa = PBXGroup;
			children = (
				148AA09820C83143000AD428 /* TLSphinx.xcodeproj */,
				148AA08520C830E7000AD428 /* TestSpeech */,
				148AA08420C830E7000AD428 /* Products */,
			);
			sourceTree = "<group>";
		};
		148AA08420C830E7000AD428 /* Products */ = {
			isa = PBXGroup;
			children = (
				148AA08320C830E7000AD428 /* TestSpeech.app */,
			);
			name = Products;
			sourceTree = "<group>";
		};
		148AA08520C830E7000AD428 /* TestSpeech */ = {
			isa = PBXGroup;
			children = (
				148AA0A620C83249000AD428 /* Supporting Files */,
				148AA08620C830E7000AD428 /* AppDelegate.swift */,
				148AA08820C830E7000AD428 /* ViewController.swift */,
				148AA08A20C830E7000AD428 /* Main.storyboard */,
				148AA08D20C830E9000AD428 /* Assets.xcassets */,
				148AA08F20C830E9000AD428 /* LaunchScreen.storyboard */,
				148AA09220C830E9000AD428 /* Info.plist */,
			);
			path = TestSpeech;
			sourceTree = "<group>";
		};
		148AA09920C83143000AD428 /* Products */ = {
			isa = PBXGroup;
			children = (
				148AA09E20C83143000AD428 /* TLSphinx.framework */,
				148AA0A020C83143000AD428 /* TLSphinxTests.xctest */,
			);
			name = Products;
			sourceTree = "<group>";
		};
		148AA0A620C83249000AD428 /* Supporting Files */ = {
			isa = PBXGroup;
			children = (
				148AA0A720C83257000AD428 /* en-us */,
			);
			path = "Supporting Files";
			sourceTree = "<group>";
		};
/* End PBXGroup section */

/* Begin PBXNativeTarget section */
		148AA08220C830E7000AD428 /* TestSpeech */ = {
			isa = PBXNativeTarget;
			buildConfigurationList = 148AA09520C830E9000AD428 /* Build configuration list for PBXNativeTarget "TestSpeech" */;
			buildPhases = (
				148AA07F20C830E7000AD428 /* Sources */,
				148AA08020C830E7000AD428 /* Frameworks */,
				148AA08120C830E7000AD428 /* Resources */,
				148AA0A520C83164000AD428 /* Embed Frameworks */,
			);
			buildRules = (
			);
			dependencies = (
				148AA0A420C83164000AD428 /* PBXTargetDependency */,
			);
			name = TestSpeech;
			productName = TestSpeech;
			productReference = 148AA08320C830E7000AD428 /* TestSpeech.app */;
			productType = "com.apple.product-type.application";
		};
/* End PBXNativeTarget section */

/* Begin PBXProject section */
		148AA07B20C830E7000AD428 /* Project object */ = {
			isa = PBXProject;
			attributes = {
				LastSwiftUpdateCheck = 0940;
				LastUpgradeCheck = 0940;
				ORGANIZATIONNAME = Sean;
				TargetAttributes = {
					148AA08220C830E7000AD428 = {
						CreatedOnToolsVersion = 9.4;
					};
				};
			};
			buildConfigurationList = 148AA07E20C830E7000AD428 /* Build configuration list for PBXProject "TestSpeech" */;
			compatibilityVersion = "Xcode 9.3";
			developmentRegion = en;
			hasScannedForEncodings = 0;
			knownRegions = (
				en,
				Base,
			);
			mainGroup = 148AA07A20C830E7000AD428;
			productRefGroup = 148AA08420C830E7000AD428 /* Products */;
			projectDirPath = "";
			projectReferences = (
				{
					ProductGroup = 148AA09920C83143000AD428 /* Products */;
					ProjectRef = 148AA09820C83143000AD428 /* TLSphinx.xcodeproj */;
				},
			);
			projectRoot = "";
			targets = (
				148AA08220C830E7000AD428 /* TestSpeech */,
			);
		};
/* End PBXProject section */

/* Begin PBXReferenceProxy section */
		148AA09E20C83143000AD428 /* TLSphinx.framework */ = {
			isa = PBXReferenceProxy;
			fileType = wrapper.framework;
			path = TLSphinx.framework;
			remoteRef = 148AA09D20C83143000AD428 /* PBXContainerItemProxy */;
			sourceTree = BUILT_PRODUCTS_DIR;
		};
		148AA0A020C83143000AD428 /* TLSphinxTests.xctest */ = {
			isa = PBXReferenceProxy;
			fileType = wrapper.cfbundle;
			path = TLSphinxTests.xctest;
			remoteRef = 148AA09F20C83143000AD428 /* PBXContainerItemProxy */;
			sourceTree = BUILT_PRODUCTS_DIR;
		};
/* End PBXReferenceProxy section */

/* Begin PBXResourcesBuildPhase section */
		148AA08120C830E7000AD428 /* Resources */ = {
			isa = PBXResourcesBuildPhase;
			buildActionMask = 2147483647;
			files = (
				148AA09120C830E9000AD428 /* LaunchScreen.storyboard in Resources */,
				148AA0A820C83257000AD428 /* en-us in Resources */,
				148AA08E20C830E9000AD428 /* Assets.xcassets in Resources */,
				148AA08C20C830E7000AD428 /* Main.storyboard in Resources */,
			);
			runOnlyForDeploymentPostprocessing = 0;
		};
/* End PBXResourcesBuildPhase section */

/* Begin PBXSourcesBuildPhase section */
		148AA07F20C830E7000AD428 /* Sources */ = {
			isa = PBXSourcesBuildPhase;
			buildActionMask = 2147483647;
			files = (
				148AA08920C830E7000AD428 /* ViewController.swift in Sources */,
				148AA08720C830E7000AD428 /* AppDelegate.swift in Sources */,
			);
			runOnlyForDeploymentPostprocessing = 0;
		};
/* End PBXSourcesBuildPhase section */

/* Begin PBXTargetDependency section */
		148AA0A420C83164000AD428 /* PBXTargetDependency */ = {
			isa = PBXTargetDependency;
			name = TLSphinx;
			targetProxy = 148AA0A320C83164000AD428 /* PBXContainerItemProxy */;
		};
/* End PBXTargetDependency section */

/* Begin PBXVariantGroup section */
		148AA08A20C830E7000AD428 /* Main.storyboard */ = {
			isa = PBXVariantGroup;
			children = (
				148AA08B20C830E7000AD428 /* Base */,
			);
			name = Main.storyboard;
			sourceTree = "<group>";
		};
		148AA08F20C830E9000AD428 /* LaunchScreen.storyboard */ = {
			isa = PBXVariantGroup;
			children = (
				148AA09020C830E9000AD428 /* Base */,
			);
			name = LaunchScreen.storyboard;
			sourceTree = "<group>";
		};
/* End PBXVariantGroup section */

/* Begin XCBuildConfiguration section */
		148AA09320C830E9000AD428 /* Debug */ = {
			isa = XCBuildConfiguration;
			buildSettings = {
				ALWAYS_SEARCH_USER_PATHS = NO;
				CLANG_ANALYZER_NONNULL = YES;
				CLANG_ANALYZER_NUMBER_OBJECT_CONVERSION = YES_AGGRESSIVE;
				CLANG_CXX_LANGUAGE_STANDARD = "gnu++14";
				CLANG_CXX_LIBRARY = "libc++";
				CLANG_ENABLE_MODULES = YES;
				CLANG_ENABLE_OBJC_ARC = YES;
				CLANG_ENABLE_OBJC_WEAK = YES;
				CLANG_WARN_BLOCK_CAPTURE_AUTORELEASING = YES;
				CLANG_WARN_BOOL_CONVERSION = YES;
				CLANG_WARN_COMMA = YES;
				CLANG_WARN_CONSTANT_CONVERSION = YES;
				CLANG_WARN_DEPRECATED_OBJC_IMPLEMENTATIONS = YES;
				CLANG_WARN_DIRECT_OBJC_ISA_USAGE = YES_ERROR;
				CLANG_WARN_DOCUMENTATION_COMMENTS = YES;
				CLANG_WARN_EMPTY_BODY = YES;
				CLANG_WARN_ENUM_CONVERSION = YES;
				CLANG_WARN_INFINITE_RECURSION = YES;
				CLANG_WARN_INT_CONVERSION = YES;
				CLANG_WARN_NON_LITERAL_NULL_CONVERSION = YES;
				CLANG_WARN_OBJC_IMPLICIT_RETAIN_SELF = YES;
				CLANG_WARN_OBJC_LITERAL_CONVERSION = YES;
				CLANG_WARN_OBJC_ROOT_CLASS = YES_ERROR;
				CLANG_WARN_RANGE_LOOP_ANALYSIS = YES;
				CLANG_WARN_STRICT_PROTOTYPES = YES;
				CLANG_WARN_SUSPICIOUS_MOVE = YES;
				CLANG_WARN_UNGUARDED_AVAILABILITY = YES_AGGRESSIVE;
				CLANG_WARN_UNREACHABLE_CODE = YES;
				CLANG_WARN__DUPLICATE_METHOD_MATCH = YES;
				CODE_SIGN_IDENTITY = "iPhone Developer";
				COPY_PHASE_STRIP = NO;
				DEBUG_INFORMATION_FORMAT = dwarf;
				ENABLE_STRICT_OBJC_MSGSEND = YES;
				ENABLE_TESTABILITY = YES;
				GCC_C_LANGUAGE_STANDARD = gnu11;
				GCC_DYNAMIC_NO_PIC = NO;
				GCC_NO_COMMON_BLOCKS = YES;
				GCC_OPTIMIZATION_LEVEL = 0;
				GCC_PREPROCESSOR_DEFINITIONS = (
					"DEBUG=1",
					"$(inherited)",
				);
				GCC_WARN_64_TO_32_BIT_CONVERSION = YES;
				GCC_WARN_ABOUT_RETURN_TYPE = YES_ERROR;
				GCC_WARN_UNDECLARED_SELECTOR = YES;
				GCC_WARN_UNINITIALIZED_AUTOS = YES_AGGRESSIVE;
				GCC_WARN_UNUSED_FUNCTION = YES;
				GCC_WARN_UNUSED_VARIABLE = YES;
				IPHONEOS_DEPLOYMENT_TARGET = 11.4;
				MTL_ENABLE_DEBUG_INFO = YES;
				ONLY_ACTIVE_ARCH = YES;
				SDKROOT = iphoneos;
				SWIFT_ACTIVE_COMPILATION_CONDITIONS = DEBUG;
				SWIFT_OPTIMIZATION_LEVEL = "-Onone";
			};
			name = Debug;
		};
		148AA09420C830E9000AD428 /* Release */ = {
			isa = XCBuildConfiguration;
			buildSettings = {
				ALWAYS_SEARCH_USER_PATHS = NO;
				CLANG_ANALYZER_NONNULL = YES;
				CLANG_ANALYZER_NUMBER_OBJECT_CONVERSION = YES_AGGRESSIVE;
				CLANG_CXX_LANGUAGE_STANDARD = "gnu++14";
				CLANG_CXX_LIBRARY = "libc++";
				CLANG_ENABLE_MODULES = YES;
				CLANG_ENABLE_OBJC_ARC = YES;
				CLANG_ENABLE_OBJC_WEAK = YES;
				CLANG_WARN_BLOCK_CAPTURE_AUTORELEASING = YES;
				CLANG_WARN_BOOL_CONVERSION = YES;
				CLANG_WARN_COMMA = YES;
				CLANG_WARN_CONSTANT_CONVERSION = YES;
				CLANG_WARN_DEPRECATED_OBJC_IMPLEMENTATIONS = YES;
				CLANG_WARN_DIRECT_OBJC_ISA_USAGE = YES_ERROR;
				CLANG_WARN_DOCUMENTATION_COMMENTS = YES;
				CLANG_WARN_EMPTY_BODY = YES;
				CLANG_WARN_ENUM_CONVERSION = YES;
				CLANG_WARN_INFINITE_RECURSION = YES;
				CLANG_WARN_INT_CONVERSION = YES;
				CLANG_WARN_NON_LITERAL_NULL_CONVERSION = YES;
				CLANG_WARN_OBJC_IMPLICIT_RETAIN_SELF = YES;
				CLANG_WARN_OBJC_LITERAL_CONVERSION = YES;
				CLANG_WARN_OBJC_ROOT_CLASS = YES_ERROR;
				CLANG_WARN_RANGE_LOOP_ANALYSIS = YES;
				CLANG_WARN_STRICT_PROTOTYPES = YES;
				CLANG_WARN_SUSPICIOUS_MOVE = YES;
				CLANG_WARN_UNGUARDED_AVAILABILITY = YES_AGGRESSIVE;
				CLANG_WARN_UNREACHABLE_CODE = YES;
				CLANG_WARN__DUPLICATE_METHOD_MATCH = YES;
				CODE_SIGN_IDENTITY = "iPhone Developer";
				COPY_PHASE_STRIP = NO;
				DEBUG_INFORMATION_FORMAT = "dwarf-with-dsym";
				ENABLE_NS_ASSERTIONS = NO;
				ENABLE_STRICT_OBJC_MSGSEND = YES;
				GCC_C_LANGUAGE_STANDARD = gnu11;
				GCC_NO_COMMON_BLOCKS = YES;
				GCC_WARN_64_TO_32_BIT_CONVERSION = YES;
				GCC_WARN_ABOUT_RETURN_TYPE = YES_ERROR;
				GCC_WARN_UNDECLARED_SELECTOR = YES;
				GCC_WARN_UNINITIALIZED_AUTOS = YES_AGGRESSIVE;
				GCC_WARN_UNUSED_FUNCTION = YES;
				GCC_WARN_UNUSED_VARIABLE = YES;
				IPHONEOS_DEPLOYMENT_TARGET = 11.4;
				MTL_ENABLE_DEBUG_INFO = NO;
				SDKROOT = iphoneos;
				SWIFT_COMPILATION_MODE = wholemodule;
				SWIFT_OPTIMIZATION_LEVEL = "-O";
				VALIDATE_PRODUCT = YES;
			};
			name = Release;
		};
		148AA09620C830E9000AD428 /* Debug */ = {
			isa = XCBuildConfiguration;
			buildSettings = {
				ALWAYS_EMBED_SWIFT_STANDARD_LIBRARIES = YES;
				ASSETCATALOG_COMPILER_APPICON_NAME = AppIcon;
				CODE_SIGN_STYLE = Automatic;
				DEVELOPMENT_TEAM = VEM8YS6H27;
				HEADER_SEARCH_PATHS = "$(inherited)";
				INFOPLIST_FILE = TestSpeech/Info.plist;
				LD_RUNPATH_SEARCH_PATHS = (
					"$(inherited)",
					"@executable_path/Frameworks",
				);
				LIBRARY_SEARCH_PATHS = "$(inherited)";
				PRODUCT_BUNDLE_IDENTIFIER = com.sean.TestSpeech;
				PRODUCT_NAME = "$(TARGET_NAME)";
				SWIFT_VERSION = 4.0;
				TARGETED_DEVICE_FAMILY = 1;
			};
			name = Debug;
		};
		148AA09720C830E9000AD428 /* Release */ = {
			isa = XCBuildConfiguration;
			buildSettings = {
				ALWAYS_EMBED_SWIFT_STANDARD_LIBRARIES = YES;
				ASSETCATALOG_COMPILER_APPICON_NAME = AppIcon;
				CODE_SIGN_STYLE = Automatic;
				DEVELOPMENT_TEAM = VEM8YS6H27;
				HEADER_SEARCH_PATHS = "$(inherited)";
				INFOPLIST_FILE = TestSpeech/Info.plist;
				LD_RUNPATH_SEARCH_PATHS = (
					"$(inherited)",
					"@executable_path/Frameworks",
				);
				LIBRARY_SEARCH_PATHS = "$(inherited)";
				PRODUCT_BUNDLE_IDENTIFIER = com.sean.TestSpeech;
				PRODUCT_NAME = "$(TARGET_NAME)";
				SWIFT_VERSION = 4.0;
				TARGETED_DEVICE_FAMILY = 1;
			};
			name = Release;
		};
/* End XCBuildConfiguration section */

/* Begin XCConfigurationList section */
		148AA07E20C830E7000AD428 /* Build configuration list for PBXProject "TestSpeech" */ = {
			isa = XCConfigurationList;
			buildConfigurations = (
				148AA09320C830E9000AD428 /* Debug */,
				148AA09420C830E9000AD428 /* Release */,
			);
			defaultConfigurationIsVisible = 0;
			defaultConfigurationName = Release;
		};
		148AA09520C830E9000AD428 /* Build configuration list for PBXNativeTarget "TestSpeech" */ = {
			isa = XCConfigurationList;
			buildConfigurations = (
				148AA09620C830E9000AD428 /* Debug */,
				148AA09720C830E9000AD428 /* Release */,
			);
			defaultConfigurationIsVisible = 0;
			defaultConfigurationName = Release;
		};
/* End XCConfigurationList section */
	};
	rootObject = 148AA07B20C830E7000AD428 /* Project object */;
}
